
Microsoft Visual Studio Solution File, Format Version 12.00
# Visual Studio Version 17
VisualStudioVersion = 17.8.34511.84
MinimumVisualStudioVersion = 10.0.40219.1
Project("{8BC9CEB8-8B4A-11D0-8D11-00A0C91BC942}") = "Lecture07-HW", "Lecture07-HW\Lecture07-HW.vcxproj", "{ECCFC91F-60DB-4E92-A9F5-0A63EDA7EA3C}"
EndProject
Global
	GlobalSection(SolutionConfigurationPlatforms) = preSolution
		Debug|x64 = Debug|x64
		Debug|x86 = Debug|x86
		Release|x64 = Release|x64
		Release|x86 = Release|x86
	EndGlobalSection
	GlobalSection(ProjectConfigurationPlatforms) = postSolution
		{ECCFC91F-60DB-4E92-A9F5-0A63EDA7EA3C}.Debug|x64.ActiveCfg = Debug|x64
		{ECCFC91F-60DB-4E92-A9F5-0A63EDA7EA3C}.Debug|x64.Build.0 = Debug|x64
		{ECCFC91F-60DB-4E92-A9F5-0A63EDA7EA3C}.Debug|x86.ActiveCfg = Debug|Win32
		{ECCFC91F-60DB-4E92-A9F5-0A63EDA7EA3C}.Debug|x86.Build.0 = Debug|Win32
		{ECCFC91F-60DB-4E92-A9F5-0A63EDA7EA3C}.Release|x64.ActiveCfg = Release|x64
		{ECCFC91F-60DB-4E92-A9F5-0A63EDA7EA3C}.Release|x64.Build.0 = Release|x64
		{ECCFC91F-60DB-4E92-A9F5-0A63EDA7EA3C}.Release|x86.ActiveCfg = Release|Win32
		{ECCFC91F-60DB-4E92-A9F5-0A63EDA7EA3C}.Release|x86.Build.0 = Release|Win32
	EndGlobalSection
	GlobalSection(SolutionProperties) = preSolution
		HideSolutionNode = FALSE
	EndGlobalSection
	GlobalSection(ExtensibilityGlobals) = postSolution
		SolutionGuid = {2343FDA0-80DB-4BB0-868D-A868729A3049}
	EndGlobalSection
EndGlobal
